// !$*UTF8*$!
{
	archiveVersion = 1;
	classes = {
	};
	objectVersion = 46;
	objects = {

/* Begin PBXBuildFile section */
		C528E3141A79891A0016A52E /* Arial.ttf in Resources */ = {isa = PBXBuildFile; fileRef = C528E3081A79891A0016A52E /* Arial.ttf */; };
		C528E3151A79891A0016A52E /* block.cpp in Sources */ = {isa = PBXBuildFile; fileRef = C528E3091A79891A0016A52E /* block.cpp */; };
		C528E3161A79891A0016A52E /* board.cpp in Sources */ = {isa = PBXBuildFile; fileRef = C528E30B1A79891A0016A52E /* board.cpp */; };
		C528E3181A79891A0016A52E /* infomation.cpp in Sources */ = {isa = PBXBuildFile; fileRef = C528E30E1A79891A0016A52E /* infomation.cpp */; };
		C5C787241A7988950038B4C5 /* ResourcePath.mm in Sources */ = {isa = PBXBuildFile; fileRef = C5C787231A7988950038B4C5 /* ResourcePath.mm */; };
		C5C787271A7988950038B4C5 /* main.cpp in Sources */ = {isa = PBXBuildFile; fileRef = C5C787261A7988950038B4C5 /* main.cpp */; };
		C5C7872E1A7988950038B4C5 /* sansation.ttf in Resources */ = {isa = PBXBuildFile; fileRef = C5C7872D1A7988950038B4C5 /* sansation.ttf */; };
/* End PBXBuildFile section */

/* Begin PBXFileReference section */
		C528E3081A79891A0016A52E /* Arial.ttf */ = {isa = PBXFileReference; lastKnownFileType = file; path = Arial.ttf; sourceTree = "<group>"; };
		C528E3091A79891A0016A52E /* block.cpp */ = {isa = PBXFileReference; fileEncoding = 4; lastKnownFileType = sourcecode.cpp.cpp; path = block.cpp; sourceTree = "<group>"; };
		C528E30A1A79891A0016A52E /* block.h */ = {isa = PBXFileReference; fileEncoding = 4; lastKnownFileType = sourcecode.c.h; path = block.h; sourceTree = "<group>"; };
		C528E30B1A79891A0016A52E /* board.cpp */ = {isa = PBXFileReference; fileEncoding = 4; lastKnownFileType = sourcecode.cpp.cpp; path = board.cpp; sourceTree = "<group>"; };
		C528E30C1A79891A0016A52E /* board.h */ = {isa = PBXFileReference; fileEncoding = 4; lastKnownFileType = sourcecode.c.h; path = board.h; sourceTree = "<group>"; };
		C528E30E1A79891A0016A52E /* infomation.cpp */ = {isa = PBXFileReference; fileEncoding = 4; lastKnownFileType = sourcecode.cpp.cpp; path = infomation.cpp; sourceTree = "<group>"; };
		C528E30F1A79891A0016A52E /* infomation.h */ = {isa = PBXFileReference; fileEncoding = 4; lastKnownFileType = sourcecode.c.h; path = infomation.h; sourceTree = "<group>"; };
		C5C7871E1A7988950038B4C5 /* Game2048.app */ = {isa = PBXFileReference; explicitFileType = wrapper.application; includeInIndex = 0; path = Game2048.app; sourceTree = BUILT_PRODUCTS_DIR; };
		C5C787221A7988950038B4C5 /* Game2048-Info.plist */ = {isa = PBXFileReference; lastKnownFileType = text.plist.xml; path = "Game2048-Info.plist"; sourceTree = "<group>"; };
		C5C787231A7988950038B4C5 /* ResourcePath.mm */ = {isa = PBXFileReference; lastKnownFileType = sourcecode.cpp.objcpp; path = ResourcePath.mm; sourceTree = "<group>"; };
		C5C787251A7988950038B4C5 /* ResourcePath.hpp */ = {isa = PBXFileReference; lastKnownFileType = sourcecode.cpp.h; path = ResourcePath.hpp; sourceTree = "<group>"; };
		C5C787261A7988950038B4C5 /* main.cpp */ = {isa = PBXFileReference; lastKnownFileType = sourcecode.cpp.cpp; path = main.cpp; sourceTree = "<group>"; };
		C5C7872D1A7988950038B4C5 /* sansation.ttf */ = {isa = PBXFileReference; lastKnownFileType = file; path = sansation.ttf; sourceTree = "<group>"; };
/* End PBXFileReference section */

/* Begin PBXFrameworksBuildPhase section */
		C5C7871A1A7988950038B4C5 /* Frameworks */ = {
			isa = PBXFrameworksBuildPhase;
			buildActionMask = 2147483647;
			files = (
			);
			runOnlyForDeploymentPostprocessing = 0;
		};
/* End PBXFrameworksBuildPhase section */

/* Begin PBXGroup section */
		C5C787141A7988950038B4C5 = {
			isa = PBXGroup;
			children = (
				C5C787201A7988950038B4C5 /* Game2048 */,
				C5C7871F1A7988950038B4C5 /* Products */,
			);
			sourceTree = "<group>";
		};
		C5C7871F1A7988950038B4C5 /* Products */ = {
			isa = PBXGroup;
			children = (
				C5C7871E1A7988950038B4C5 /* Game2048.app */,
			);
			name = Products;
			sourceTree = "<group>";
		};
		C5C787201A7988950038B4C5 /* Game2048 */ = {
			isa = PBXGroup;
			children = (
				C5C787231A7988950038B4C5 /* ResourcePath.mm */,
				C5C787251A7988950038B4C5 /* ResourcePath.hpp */,
				C5C787261A7988950038B4C5 /* main.cpp */,
				C528E30B1A79891A0016A52E /* board.cpp */,
				C528E30C1A79891A0016A52E /* board.h */,
				C528E30E1A79891A0016A52E /* infomation.cpp */,
				C528E30F1A79891A0016A52E /* infomation.h */,
				C528E3091A79891A0016A52E /* block.cpp */,
				C528E30A1A79891A0016A52E /* block.h */,
				C5C787281A7988950038B4C5 /* Resources */,
				C5C787211A7988950038B4C5 /* Supporting Files */,
			);
			path = Game2048;
			sourceTree = "<group>";
		};
		C5C787211A7988950038B4C5 /* Supporting Files */ = {
			isa = PBXGroup;
			children = (
				C5C787221A7988950038B4C5 /* Game2048-Info.plist */,
			);
			name = "Supporting Files";
			sourceTree = "<group>";
		};
		C5C787281A7988950038B4C5 /* Resources */ = {
			isa = PBXGroup;
			children = (
				C528E3081A79891A0016A52E /* Arial.ttf */,
				C5C7872D1A7988950038B4C5 /* sansation.ttf */,
			);
			name = Resources;
			sourceTree = "<group>";
		};
/* End PBXGroup section */

/* Begin PBXNativeTarget section */
		C5C7871D1A7988950038B4C5 /* Game2048 */ = {
			isa = PBXNativeTarget;
			buildConfigurationList = C5C787331A7988950038B4C5 /* Build configuration list for PBXNativeTarget "Game2048" */;
			buildPhases = (
				C5C787191A7988950038B4C5 /* Sources */,
				C5C7871A1A7988950038B4C5 /* Frameworks */,
				C5C7871B1A7988950038B4C5 /* Resources */,
				C5C7871C1A7988950038B4C5 /* ShellScript */,
			);
			buildRules = (
			);
			dependencies = (
			);
			name = Game2048;
			productName = Game2048;
			productReference = C5C7871E1A7988950038B4C5 /* Game2048.app */;
			productType = "com.apple.product-type.application";
		};
/* End PBXNativeTarget section */

/* Begin PBXProject section */
		C5C787151A7988950038B4C5 /* Project object */ = {
			isa = PBXProject;
			attributes = {
				LastUpgradeCheck = 0610;
				ORGANIZATIONNAME = "Chi Gao";
				TargetAttributes = {
					C5C7871D1A7988950038B4C5 = {
						CreatedOnToolsVersion = 6.1.1;
					};
				};
			};
			buildConfigurationList = C5C787181A7988950038B4C5 /* Build configuration list for PBXProject "Game2048" */;
			compatibilityVersion = "Xcode 3.2";
			developmentRegion = English;
			hasScannedForEncodings = 0;
			knownRegions = (
				en,
			);
			mainGroup = C5C787141A7988950038B4C5;
			productRefGroup = C5C7871F1A7988950038B4C5 /* Products */;
			projectDirPath = "";
			projectRoot = "";
			targets = (
				C5C7871D1A7988950038B4C5 /* Game2048 */,
			);
		};
/* End PBXProject section */

/* Begin PBXResourcesBuildPhase section */
		C5C7871B1A7988950038B4C5 /* Resources */ = {
			isa = PBXResourcesBuildPhase;
			buildActionMask = 2147483647;
			files = (
				C5C7872E1A7988950038B4C5 /* sansation.ttf in Resources */,
				C528E3141A79891A0016A52E /* Arial.ttf in Resources */,
			);
			runOnlyForDeploymentPostprocessing = 0;
		};
/* End PBXResourcesBuildPhase section */

/* Begin PBXShellScriptBuildPhase section */
		C5C7871C1A7988950038B4C5 /* ShellScript */ = {
			isa = PBXShellScriptBuildPhase;
			buildActionMask = 2147483647;
			files = (
			);
			inputPaths = (
			);
			outputPaths = (
			);
			runOnlyForDeploymentPostprocessing = 0;
			shellPath = /bin/sh;
			shellScript = "# This shell script simply copies required SFML dylibs/frameworks into the application bundle frameworks folder.\n# If you're using static libraries (which is not recommended) you should remove this script from your project.\n\n# Are we building a project that uses frameworks or dylibs?\ncase \"$SFML_BINARY_TYPE\" in\n    DYLIBS)\n        frameworks=\"false\"\n        ;;\n    *)\n        frameworks=\"true\"\n        ;;\nesac\n\n# Echoes to stderr\nerror () # $* message to display\n{\n    echo $* 1>&2\n    exit 2\n}\n\nassert () # $1 is a boolean, $2...N is an error message\n{\n    if [ $# -lt 2 ]\n    then\n        error \"Internal error in assert : not enough args\"\n    fi\n\n    if [ $1 -ne 0 ]\n    then\n        shift\n        error \"$*\"\n    fi\n}\n\nforce_remove () # $@ is some paths\n{\n    test $# -ge 1\n    assert $? \"force_remove() requires at least one parameter\"\n    rm -fr $@\n    assert $? \"couldn't remove $@\"\n}\n\ncopy () # $1 is a source, $2 is a destination\n{\n    test $# -eq 2\n    assert $? \"copy() requires two parameters\"\n    ditto \"$1\" \"$2\"\n    assert $? \"couldn't copy $1 to $2\"\n}\n\nrequire () # $1 is a SFML module like 'system' or 'audio'\n{\n    dest=\"$BUILT_PRODUCTS_DIR/$PRODUCT_NAME.app/Contents/Frameworks\"\n\n    if [ -z \"$1\" ]\n    then\n        error \"require() requires one parameter!\"\n    else\n        # clean potentially old stuff\n        force_remove \"$dest/libsfml-$1\"*\n        force_remove \"$dest/sfml-$1.framework\"\n\n        # copy SFML libraries\n        if [ \"$frameworks\" = \"true\" ]\n        then\n            source=\"/Library/Frameworks/sfml-$1.framework\"\n            target=\"sfml-$1.framework\"\n        elif [ \"$SFML_LINK_DYLIBS_SUFFIX\" = \"-d\" ]\n        then\n            source=\"/usr/local/lib/libsfml-$1-d.dylib\"\n            target=\"`readlink $source`\"\n        else\n            source=\"/usr/local/lib/libsfml-$1.dylib\"\n            target=\"`readlink $source`\"\n        fi\n\n        copy \"$source\" \"$dest/$target\"\n\n        # copy extra dependencies\n        if [ \"$1\" = \"audio\" ]\n        then\n            # copy sndfile framework too\n            copy \"/Library/Frameworks/sndfile.framework\" \"$dest/sndfile.framework\"\n        elif [ \"$1\" = \"graphics\" ]\n        then\n            # copy freetype framework too\n            copy \"/Library/Frameworks/freetype.framework\" \"$dest/freetype.framework\"\n        fi\n    fi\n}\n\nif [ -n \"$SFML_SYSTEM\" ]\nthen\n    require \"system\"\nfi\n\nif [ -n \"$SFML_AUDIO\" ]\nthen\n    require \"audio\"\nfi\n\nif [ -n \"$SFML_NETWORK\" ]\nthen\n    require \"network\"\nfi\n\nif [ -n \"$SFML_WINDOW\" ]\nthen\n    require \"window\"\nfi\n\nif [ -n \"$SFML_GRAPHICS\" ]\nthen\n    require \"graphics\"\nfi\n\n                ";
		};
/* End PBXShellScriptBuildPhase section */

/* Begin PBXSourcesBuildPhase section */
		C5C787191A7988950038B4C5 /* Sources */ = {
			isa = PBXSourcesBuildPhase;
			buildActionMask = 2147483647;
			files = (
				C5C787271A7988950038B4C5 /* main.cpp in Sources */,
				C5C787241A7988950038B4C5 /* ResourcePath.mm in Sources */,
				C528E3181A79891A0016A52E /* infomation.cpp in Sources */,
				C528E3161A79891A0016A52E /* board.cpp in Sources */,
				C528E3151A79891A0016A52E /* block.cpp in Sources */,
			);
			runOnlyForDeploymentPostprocessing = 0;
		};
/* End PBXSourcesBuildPhase section */

/* Begin XCBuildConfiguration section */
		C5C787311A7988950038B4C5 /* Debug */ = {
			isa = XCBuildConfiguration;
			buildSettings = {
				ARCHS = (
					i386,
					x86_64,
				);
				CLANG_CXX_LANGUAGE_STANDARD = "c++0x";
				CLANG_CXX_LIBRARY = "libc++";
				FRAMEWORK_SEARCH_PATHS = (
					/Library/Frameworks/,
					"$(inherited)",
				);
				GCC_VERSION = com.apple.compilers.llvm.clang.1_0;
				HEADER_SEARCH_PATHS = (
					/usr/local/include/,
					"$(inherited)",
				);
				LIBRARY_SEARCH_PATHS = (
					/usr/local/lib/,
					"$(inherited)",
				);
				MACOSX_DEPLOYMENT_TARGET = 10.7;
				OTHER_LDFLAGS = (
					"$(inherited)",
					"$(SFML_SYSTEM)",
					"$(SFML_WINDOW)",
					"$(SFML_GRAPHICS)",
					"$(SFML_AUDIO)",
					"$(SFML_NETWORK)",
				);
				SFML_AUDIO = "";
				SFML_BINARY_TYPE = FRAMEWORKS;
				SFML_GRAPHICS = "$(SFML_LINK_PREFIX) sfml-graphics$(SFML_LINK_SUFFIX)";
				SFML_LINK_DYLIBS_PREFIX = "-l";
				SFML_LINK_DYLIBS_SUFFIX = "";
				SFML_LINK_FRAMEWORKS_PREFIX = "-framework";
				SFML_LINK_FRAMEWORKS_SUFFIX = "";
				SFML_LINK_PREFIX = "$(SFML_LINK_$(SFML_BINARY_TYPE)_PREFIX)";
				SFML_LINK_SUFFIX = "$(SFML_LINK_$(SFML_BINARY_TYPE)_SUFFIX)";
				SFML_NETWORK = "";
				SFML_SYSTEM = "$(SFML_LINK_PREFIX) sfml-system$(SFML_LINK_SUFFIX)";
				SFML_WINDOW = "$(SFML_LINK_PREFIX) sfml-window$(SFML_LINK_SUFFIX)";
				SUPPORTED_PLATFORMS = macosx;
			};
			name = Debug;
		};
		C5C787321A7988950038B4C5 /* Release */ = {
			isa = XCBuildConfiguration;
			buildSettings = {
				ARCHS = (
					i386,
					x86_64,
				);
				CLANG_CXX_LANGUAGE_STANDARD = "c++0x";
				CLANG_CXX_LIBRARY = "libc++";
				FRAMEWORK_SEARCH_PATHS = (
					/Library/Frameworks/,
					"$(inherited)",
				);
				GCC_VERSION = com.apple.compilers.llvm.clang.1_0;
				HEADER_SEARCH_PATHS = (
					/usr/local/include/,
					"$(inherited)",
				);
				LIBRARY_SEARCH_PATHS = (
					/usr/local/lib/,
					"$(inherited)",
				);
				MACOSX_DEPLOYMENT_TARGET = 10.7;
				OTHER_LDFLAGS = (
					"$(inherited)",
					"$(SFML_SYSTEM)",
					"$(SFML_WINDOW)",
					"$(SFML_GRAPHICS)",
					"$(SFML_AUDIO)",
					"$(SFML_NETWORK)",
				);
				SFML_AUDIO = "";
				SFML_BINARY_TYPE = FRAMEWORKS;
				SFML_GRAPHICS = "$(SFML_LINK_PREFIX) sfml-graphics$(SFML_LINK_SUFFIX)";
				SFML_LINK_DYLIBS_PREFIX = "-l";
				SFML_LINK_DYLIBS_SUFFIX = "";
				SFML_LINK_FRAMEWORKS_PREFIX = "-framework";
				SFML_LINK_FRAMEWORKS_SUFFIX = "";
				SFML_LINK_PREFIX = "$(SFML_LINK_$(SFML_BINARY_TYPE)_PREFIX)";
				SFML_LINK_SUFFIX = "$(SFML_LINK_$(SFML_BINARY_TYPE)_SUFFIX)";
				SFML_NETWORK = "";
				SFML_SYSTEM = "$(SFML_LINK_PREFIX) sfml-system$(SFML_LINK_SUFFIX)";
				SFML_WINDOW = "$(SFML_LINK_PREFIX) sfml-window$(SFML_LINK_SUFFIX)";
				SUPPORTED_PLATFORMS = macosx;
			};
			name = Release;
		};
		C5C787341A7988950038B4C5 /* Debug */ = {
			isa = XCBuildConfiguration;
			buildSettings = {
				INFOPLIST_FILE = "Game2048/Game2048-Info.plist";
				LD_RUNPATH_SEARCH_PATHS = "@loader_path/../Frameworks";
				PRODUCT_NAME = "$(TARGET_NAME)";
			};
			name = Debug;
		};
		C5C787351A7988950038B4C5 /* Release */ = {
			isa = XCBuildConfiguration;
			buildSettings = {
				INFOPLIST_FILE = "Game2048/Game2048-Info.plist";
				LD_RUNPATH_SEARCH_PATHS = "@loader_path/../Frameworks";
				PRODUCT_NAME = "$(TARGET_NAME)";
			};
			name = Release;
		};
/* End XCBuildConfiguration section */

/* Begin XCConfigurationList section */
		C5C787181A7988950038B4C5 /* Build configuration list for PBXProject "Game2048" */ = {
			isa = XCConfigurationList;
			buildConfigurations = (
				C5C787311A7988950038B4C5 /* Debug */,
				C5C787321A7988950038B4C5 /* Release */,
			);
			defaultConfigurationIsVisible = 0;
			defaultConfigurationName = Release;
		};
		C5C787331A7988950038B4C5 /* Build configuration list for PBXNativeTarget "Game2048" */ = {
			isa = XCConfigurationList;
			buildConfigurations = (
				C5C787341A7988950038B4C5 /* Debug */,
				C5C787351A7988950038B4C5 /* Release */,
			);
			defaultConfigurationIsVisible = 0;
			defaultConfigurationName = Release;
		};
/* End XCConfigurationList section */
	};
	rootObject = C5C787151A7988950038B4C5 /* Project object */;
}
